dependencies:
- name: cs-oam
  repository: http://nexus3-prod.radcom.co.il:8081/repository/charts/
  version: 1.1030.0
- name: shared-templates
  repository: http://nexus3-prod.radcom.co.il:8081/repository/charts/
  version: 1.0.0
digest: sha256:ad85d8366b91a82189a11975de54afbbc3763650bcd77140de5ef63cacca97c5
generated: "2024-10-28T21:11:43.614723151+02:00"
